// !$*UTF8*$!
{
	archiveVersion = 1;
	classes = {
	};
	objectVersion = 46;
	objects = {

/* Begin PBXBuildFile section */
		6B27A1AB1B1BAFC900A7C064 /* ComposeTransition.swift in Sources */ = {isa = PBXBuildFile; fileRef = 6B27A1AA1B1BAFC900A7C064 /* ComposeTransition.swift */; };
		6B33F01D1B17FB7B002DF2E2 /* AppDelegate.swift in Sources */ = {isa = PBXBuildFile; fileRef = 6B33F01C1B17FB7B002DF2E2 /* AppDelegate.swift */; };
		6B33F01F1B17FB7B002DF2E2 /* ViewController.swift in Sources */ = {isa = PBXBuildFile; fileRef = 6B33F01E1B17FB7B002DF2E2 /* ViewController.swift */; };
		6B33F0221B17FB7B002DF2E2 /* Main.storyboard in Resources */ = {isa = PBXBuildFile; fileRef = 6B33F0201B17FB7B002DF2E2 /* Main.storyboard */; };
		6B33F0241B17FB7B002DF2E2 /* Images.xcassets in Resources */ = {isa = PBXBuildFile; fileRef = 6B33F0231B17FB7B002DF2E2 /* Images.xcassets */; };
		6B33F0271B17FB7B002DF2E2 /* LaunchScreen.xib in Resources */ = {isa = PBXBuildFile; fileRef = 6B33F0251B17FB7B002DF2E2 /* LaunchScreen.xib */; };
		6B33F0331B17FB7B002DF2E2 /* TumblrTests.swift in Sources */ = {isa = PBXBuildFile; fileRef = 6B33F0321B17FB7B002DF2E2 /* TumblrTests.swift */; };
		6B33F03D1B17FC12002DF2E2 /* TabBarViewController.swift in Sources */ = {isa = PBXBuildFile; fileRef = 6B33F03C1B17FC12002DF2E2 /* TabBarViewController.swift */; };
		6B33F03F1B17FC20002DF2E2 /* HomeViewController.swift in Sources */ = {isa = PBXBuildFile; fileRef = 6B33F03E1B17FC20002DF2E2 /* HomeViewController.swift */; };
		6B33F0411B17FC2B002DF2E2 /* SearchViewController.swift in Sources */ = {isa = PBXBuildFile; fileRef = 6B33F0401B17FC2B002DF2E2 /* SearchViewController.swift */; };
		6B33F0431B17FC36002DF2E2 /* ComposeViewController.swift in Sources */ = {isa = PBXBuildFile; fileRef = 6B33F0421B17FC36002DF2E2 /* ComposeViewController.swift */; };
		6B33F0451B17FC3F002DF2E2 /* AccountViewController.swift in Sources */ = {isa = PBXBuildFile; fileRef = 6B33F0441B17FC3F002DF2E2 /* AccountViewController.swift */; };
		6B33F0471B17FC4E002DF2E2 /* TrendingViewController.swift in Sources */ = {isa = PBXBuildFile; fileRef = 6B33F0461B17FC4E002DF2E2 /* TrendingViewController.swift */; };
/* End PBXBuildFile section */

/* Begin PBXContainerItemProxy section */
		6B33F02D1B17FB7B002DF2E2 /* PBXContainerItemProxy */ = {
			isa = PBXContainerItemProxy;
			containerPortal = 6B33F00F1B17FB7B002DF2E2 /* Project object */;
			proxyType = 1;
			remoteGlobalIDString = 6B33F0161B17FB7B002DF2E2;
			remoteInfo = Tumblr;
		};
/* End PBXContainerItemProxy section */

/* Begin PBXFileReference section */
		6B27A1AA1B1BAFC900A7C064 /* ComposeTransition.swift */ = {isa = PBXFileReference; fileEncoding = 4; lastKnownFileType = sourcecode.swift; path = ComposeTransition.swift; sourceTree = "<group>"; };
		6B33F0171B17FB7B002DF2E2 /* Tumblr.app */ = {isa = PBXFileReference; explicitFileType = wrapper.application; includeInIndex = 0; path = Tumblr.app; sourceTree = BUILT_PRODUCTS_DIR; };
		6B33F01B1B17FB7B002DF2E2 /* Info.plist */ = {isa = PBXFileReference; lastKnownFileType = text.plist.xml; path = Info.plist; sourceTree = "<group>"; };
		6B33F01C1B17FB7B002DF2E2 /* AppDelegate.swift */ = {isa = PBXFileReference; lastKnownFileType = sourcecode.swift; path = AppDelegate.swift; sourceTree = "<group>"; };
		6B33F01E1B17FB7B002DF2E2 /* ViewController.swift */ = {isa = PBXFileReference; lastKnownFileType = sourcecode.swift; path = ViewController.swift; sourceTree = "<group>"; };
		6B33F0211B17FB7B002DF2E2 /* Base */ = {isa = PBXFileReference; lastKnownFileType = file.storyboard; name = Base; path = Base.lproj/Main.storyboard; sourceTree = "<group>"; };
		6B33F0231B17FB7B002DF2E2 /* Images.xcassets */ = {isa = PBXFileReference; lastKnownFileType = folder.assetcatalog; path = Images.xcassets; sourceTree = "<group>"; };
		6B33F0261B17FB7B002DF2E2 /* Base */ = {isa = PBXFileReference; lastKnownFileType = file.xib; name = Base; path = Base.lproj/LaunchScreen.xib; sourceTree = "<group>"; };
		6B33F02C1B17FB7B002DF2E2 /* TumblrTests.xctest */ = {isa = PBXFileReference; explicitFileType = wrapper.cfbundle; includeInIndex = 0; path = TumblrTests.xctest; sourceTree = BUILT_PRODUCTS_DIR; };
		6B33F0311B17FB7B002DF2E2 /* Info.plist */ = {isa = PBXFileReference; lastKnownFileType = text.plist.xml; path = Info.plist; sourceTree = "<group>"; };
		6B33F0321B17FB7B002DF2E2 /* TumblrTests.swift */ = {isa = PBXFileReference; lastKnownFileType = sourcecode.swift; path = TumblrTests.swift; sourceTree = "<group>"; };
		6B33F03C1B17FC12002DF2E2 /* TabBarViewController.swift */ = {isa = PBXFileReference; fileEncoding = 4; lastKnownFileType = sourcecode.swift; path = TabBarViewController.swift; sourceTree = "<group>"; };
		6B33F03E1B17FC20002DF2E2 /* HomeViewController.swift */ = {isa = PBXFileReference; fileEncoding = 4; lastKnownFileType = sourcecode.swift; path = HomeViewController.swift; sourceTree = "<group>"; };
		6B33F0401B17FC2B002DF2E2 /* SearchViewController.swift */ = {isa = PBXFileReference; fileEncoding = 4; lastKnownFileType = sourcecode.swift; path = SearchViewController.swift; sourceTree = "<group>"; };
		6B33F0421B17FC36002DF2E2 /* ComposeViewController.swift */ = {isa = PBXFileReference; fileEncoding = 4; lastKnownFileType = sourcecode.swift; path = ComposeViewController.swift; sourceTree = "<group>"; };
		6B33F0441B17FC3F002DF2E2 /* AccountViewController.swift */ = {isa = PBXFileReference; fileEncoding = 4; lastKnownFileType = sourcecode.swift; path = AccountViewController.swift; sourceTree = "<group>"; };
		6B33F0461B17FC4E002DF2E2 /* TrendingViewController.swift */ = {isa = PBXFileReference; fileEncoding = 4; lastKnownFileType = sourcecode.swift; path = TrendingViewController.swift; sourceTree = "<group>"; };
/* End PBXFileReference section */

/* Begin PBXFrameworksBuildPhase section */
		6B33F0141B17FB7B002DF2E2 /* Frameworks */ = {
			isa = PBXFrameworksBuildPhase;
			buildActionMask = 2147483647;
			files = (
			);
			runOnlyForDeploymentPostprocessing = 0;
		};
		6B33F0291B17FB7B002DF2E2 /* Frameworks */ = {
			isa = PBXFrameworksBuildPhase;
			buildActionMask = 2147483647;
			files = (
			);
			runOnlyForDeploymentPostprocessing = 0;
		};
/* End PBXFrameworksBuildPhase section */

/* Begin PBXGroup section */
		6B27A1AD1B1BB07C00A7C064 /* ViewControllers */ = {
			isa = PBXGroup;
			children = (
				6B27A1AA1B1BAFC900A7C064 /* ComposeTransition.swift */,
				6B33F03C1B17FC12002DF2E2 /* TabBarViewController.swift */,
				6B33F03E1B17FC20002DF2E2 /* HomeViewController.swift */,
				6B33F0401B17FC2B002DF2E2 /* SearchViewController.swift */,
				6B33F0421B17FC36002DF2E2 /* ComposeViewController.swift */,
				6B33F0441B17FC3F002DF2E2 /* AccountViewController.swift */,
				6B33F0461B17FC4E002DF2E2 /* TrendingViewController.swift */,
			);
			name = ViewControllers;
			sourceTree = "<group>";
		};
		6B33F00E1B17FB7B002DF2E2 = {
			isa = PBXGroup;
			children = (
				6B33F0191B17FB7B002DF2E2 /* Tumblr */,
				6B33F02F1B17FB7B002DF2E2 /* TumblrTests */,
				6B33F0181B17FB7B002DF2E2 /* Products */,
			);
			sourceTree = "<group>";
		};
		6B33F0181B17FB7B002DF2E2 /* Products */ = {
			isa = PBXGroup;
			children = (
				6B33F0171B17FB7B002DF2E2 /* Tumblr.app */,
				6B33F02C1B17FB7B002DF2E2 /* TumblrTests.xctest */,
			);
			name = Products;
			sourceTree = "<group>";
		};
		6B33F0191B17FB7B002DF2E2 /* Tumblr */ = {
			isa = PBXGroup;
			children = (
				6B33F01C1B17FB7B002DF2E2 /* AppDelegate.swift */,
				6B33F01E1B17FB7B002DF2E2 /* ViewController.swift */,
				6B33F0201B17FB7B002DF2E2 /* Main.storyboard */,
				6B27A1AD1B1BB07C00A7C064 /* ViewControllers */,
				6B33F0231B17FB7B002DF2E2 /* Images.xcassets */,
				6B33F0251B17FB7B002DF2E2 /* LaunchScreen.xib */,
				6B33F01A1B17FB7B002DF2E2 /* Supporting Files */,
			);
			path = Tumblr;
			sourceTree = "<group>";
		};
		6B33F01A1B17FB7B002DF2E2 /* Supporting Files */ = {
			isa = PBXGroup;
			children = (
				6B33F01B1B17FB7B002DF2E2 /* Info.plist */,
			);
			name = "Supporting Files";
			sourceTree = "<group>";
		};
		6B33F02F1B17FB7B002DF2E2 /* TumblrTests */ = {
			isa = PBXGroup;
			children = (
				6B33F0321B17FB7B002DF2E2 /* TumblrTests.swift */,
				6B33F0301B17FB7B002DF2E2 /* Supporting Files */,
			);
			path = TumblrTests;
			sourceTree = "<group>";
		};
		6B33F0301B17FB7B002DF2E2 /* Supporting Files */ = {
			isa = PBXGroup;
			children = (
				6B33F0311B17FB7B002DF2E2 /* Info.plist */,
			);
			name = "Supporting Files";
			sourceTree = "<group>";
		};
/* End PBXGroup section */

/* Begin PBXNativeTarget section */
		6B33F0161B17FB7B002DF2E2 /* Tumblr */ = {
			isa = PBXNativeTarget;
			buildConfigurationList = 6B33F0361B17FB7B002DF2E2 /* Build configuration list for PBXNativeTarget "Tumblr" */;
			buildPhases = (
				6B33F0131B17FB7B002DF2E2 /* Sources */,
				6B33F0141B17FB7B002DF2E2 /* Frameworks */,
				6B33F0151B17FB7B002DF2E2 /* Resources */,
			);
			buildRules = (
			);
			dependencies = (
			);
			name = Tumblr;
			productName = Tumblr;
			productReference = 6B33F0171B17FB7B002DF2E2 /* Tumblr.app */;
			productType = "com.apple.product-type.application";
		};
		6B33F02B1B17FB7B002DF2E2 /* TumblrTests */ = {
			isa = PBXNativeTarget;
			buildConfigurationList = 6B33F0391B17FB7B002DF2E2 /* Build configuration list for PBXNativeTarget "TumblrTests" */;
			buildPhases = (
				6B33F0281B17FB7B002DF2E2 /* Sources */,
				6B33F0291B17FB7B002DF2E2 /* Frameworks */,
				6B33F02A1B17FB7B002DF2E2 /* Resources */,
			);
			buildRules = (
			);
			dependencies = (
				6B33F02E1B17FB7B002DF2E2 /* PBXTargetDependency */,
			);
			name = TumblrTests;
			productName = TumblrTests;
			productReference = 6B33F02C1B17FB7B002DF2E2 /* TumblrTests.xctest */;
			productType = "com.apple.product-type.bundle.unit-test";
		};
/* End PBXNativeTarget section */

/* Begin PBXProject section */
		6B33F00F1B17FB7B002DF2E2 /* Project object */ = {
			isa = PBXProject;
			attributes = {
				LastUpgradeCheck = 0630;
				ORGANIZATIONNAME = codepath;
				TargetAttributes = {
					6B33F0161B17FB7B002DF2E2 = {
						CreatedOnToolsVersion = 6.3.1;
					};
					6B33F02B1B17FB7B002DF2E2 = {
						CreatedOnToolsVersion = 6.3.1;
						TestTargetID = 6B33F0161B17FB7B002DF2E2;
					};
				};
			};
			buildConfigurationList = 6B33F0121B17FB7B002DF2E2 /* Build configuration list for PBXProject "Tumblr" */;
			compatibilityVersion = "Xcode 3.2";
			developmentRegion = English;
			hasScannedForEncodings = 0;
			knownRegions = (
				en,
				Base,
			);
			mainGroup = 6B33F00E1B17FB7B002DF2E2;
			productRefGroup = 6B33F0181B17FB7B002DF2E2 /* Products */;
			projectDirPath = "";
			projectRoot = "";
			targets = (
				6B33F0161B17FB7B002DF2E2 /* Tumblr */,
				6B33F02B1B17FB7B002DF2E2 /* TumblrTests */,
			);
		};
/* End PBXProject section */

/* Begin PBXResourcesBuildPhase section */
		6B33F0151B17FB7B002DF2E2 /* Resources */ = {
			isa = PBXResourcesBuildPhase;
			buildActionMask = 2147483647;
			files = (
				6B33F0221B17FB7B002DF2E2 /* Main.storyboard in Resources */,
				6B33F0271B17FB7B002DF2E2 /* LaunchScreen.xib in Resources */,
				6B33F0241B17FB7B002DF2E2 /* Images.xcassets in Resources */,
			);
			runOnlyForDeploymentPostprocessing = 0;
		};
		6B33F02A1B17FB7B002DF2E2 /* Resources */ = {
			isa = PBXResourcesBuildPhase;
			buildActionMask = 2147483647;
			files = (
			);
			runOnlyForDeploymentPostprocessing = 0;
		};
/* End PBXResourcesBuildPhase section */

/* Begin PBXSourcesBuildPhase section */
		6B33F0131B17FB7B002DF2E2 /* Sources */ = {
			isa = PBXSourcesBuildPhase;
			buildActionMask = 2147483647;
			files = (
				6B33F0411B17FC2B002DF2E2 /* SearchViewController.swift in Sources */,
				6B33F0471B17FC4E002DF2E2 /* TrendingViewController.swift in Sources */,
				6B33F01F1B17FB7B002DF2E2 /* ViewController.swift in Sources */,
				6B33F0451B17FC3F002DF2E2 /* AccountViewController.swift in Sources */,
				6B27A1AB1B1BAFC900A7C064 /* ComposeTransition.swift in Sources */,
				6B33F03D1B17FC12002DF2E2 /* TabBarViewController.swift in Sources */,
				6B33F0431B17FC36002DF2E2 /* ComposeViewController.swift in Sources */,
				6B33F01D1B17FB7B002DF2E2 /* AppDelegate.swift in Sources */,
				6B33F03F1B17FC20002DF2E2 /* HomeViewController.swift in Sources */,
			);
			runOnlyForDeploymentPostprocessing = 0;
		};
		6B33F0281B17FB7B002DF2E2 /* Sources */ = {
			isa = PBXSourcesBuildPhase;
			buildActionMask = 2147483647;
			files = (
				6B33F0331B17FB7B002DF2E2 /* TumblrTests.swift in Sources */,
			);
			runOnlyForDeploymentPostprocessing = 0;
		};
/* End PBXSourcesBuildPhase section */

/* Begin PBXTargetDependency section */
		6B33F02E1B17FB7B002DF2E2 /* PBXTargetDependency */ = {
			isa = PBXTargetDependency;
			target = 6B33F0161B17FB7B002DF2E2 /* Tumblr */;
			targetProxy = 6B33F02D1B17FB7B002DF2E2 /* PBXContainerItemProxy */;
		};
/* End PBXTargetDependency section */

/* Begin PBXVariantGroup section */
		6B33F0201B17FB7B002DF2E2 /* Main.storyboard */ = {
			isa = PBXVariantGroup;
			children = (
				6B33F0211B17FB7B002DF2E2 /* Base */,
			);
			name = Main.storyboard;
			sourceTree = "<group>";
		};
		6B33F0251B17FB7B002DF2E2 /* LaunchScreen.xib */ = {
			isa = PBXVariantGroup;
			children = (
				6B33F0261B17FB7B002DF2E2 /* Base */,
			);
			name = LaunchScreen.xib;
			sourceTree = "<group>";
		};
/* End PBXVariantGroup section */

/* Begin XCBuildConfiguration section */
		6B33F0341B17FB7B002DF2E2 /* Debug */ = {
			isa = XCBuildConfiguration;
			buildSettings = {
				ALWAYS_SEARCH_USER_PATHS = NO;
				CLANG_CXX_LANGUAGE_STANDARD = "gnu++0x";
				CLANG_CXX_LIBRARY = "libc++";
				CLANG_ENABLE_MODULES = YES;
				CLANG_ENABLE_OBJC_ARC = YES;
				CLANG_WARN_BOOL_CONVERSION = YES;
				CLANG_WARN_CONSTANT_CONVERSION = YES;
				CLANG_WARN_DIRECT_OBJC_ISA_USAGE = YES_ERROR;
				CLANG_WARN_EMPTY_BODY = YES;
				CLANG_WARN_ENUM_CONVERSION = YES;
				CLANG_WARN_INT_CONVERSION = YES;
				CLANG_WARN_OBJC_ROOT_CLASS = YES_ERROR;
				CLANG_WARN_UNREACHABLE_CODE = YES;
				CLANG_WARN__DUPLICATE_METHOD_MATCH = YES;
				"CODE_SIGN_IDENTITY[sdk=iphoneos*]" = "iPhone Developer";
				COPY_PHASE_STRIP = NO;
				DEBUG_INFORMATION_FORMAT = "dwarf-with-dsym";
				ENABLE_STRICT_OBJC_MSGSEND = YES;
				GCC_C_LANGUAGE_STANDARD = gnu99;
				GCC_DYNAMIC_NO_PIC = NO;
				GCC_NO_COMMON_BLOCKS = YES;
				GCC_OPTIMIZATION_LEVEL = 0;
				GCC_PREPROCESSOR_DEFINITIONS = (
					"DEBUG=1",
					"$(inherited)",
				);
				GCC_SYMBOLS_PRIVATE_EXTERN = NO;
				GCC_WARN_64_TO_32_BIT_CONVERSION = YES;
				GCC_WARN_ABOUT_RETURN_TYPE = YES_ERROR;
				GCC_WARN_UNDECLARED_SELECTOR = YES;
				GCC_WARN_UNINITIALIZED_AUTOS = YES_AGGRESSIVE;
				GCC_WARN_UNUSED_FUNCTION = YES;
				GCC_WARN_UNUSED_VARIABLE = YES;
				IPHONEOS_DEPLOYMENT_TARGET = 8.3;
				MTL_ENABLE_DEBUG_INFO = YES;
				ONLY_ACTIVE_ARCH = YES;
				SDKROOT = iphoneos;
				SWIFT_OPTIMIZATION_LEVEL = "-Onone";
			};
			name = Debug;
		};
		6B33F0351B17FB7B002DF2E2 /* Release */ = {
			isa = XCBuildConfiguration;
			buildSettings = {
				ALWAYS_SEARCH_USER_PATHS = NO;
				CLANG_CXX_LANGUAGE_STANDARD = "gnu++0x";
				CLANG_CXX_LIBRARY = "libc++";
				CLANG_ENABLE_MODULES = YES;
				CLANG_ENABLE_OBJC_ARC = YES;
				CLANG_WARN_BOOL_CONVERSION = YES;
				CLANG_WARN_CONSTANT_CONVERSION = YES;
				CLANG_WARN_DIRECT_OBJC_ISA_USAGE = YES_ERROR;
				CLANG_WARN_EMPTY_BODY = YES;
				CLANG_WARN_ENUM_CONVERSION = YES;
				CLANG_WARN_INT_CONVERSION = YES;
				CLANG_WARN_OBJC_ROOT_CLASS = YES_ERROR;
				CLANG_WARN_UNREACHABLE_CODE = YES;
				CLANG_WARN__DUPLICATE_METHOD_MATCH = YES;
				"CODE_SIGN_IDENTITY[sdk=iphoneos*]" = "iPhone Developer";
				COPY_PHASE_STRIP = NO;
				DEBUG_INFORMATION_FORMAT = "dwarf-with-dsym";
				ENABLE_NS_ASSERTIONS = NO;
				ENABLE_STRICT_OBJC_MSGSEND = YES;
				GCC_C_LANGUAGE_STANDARD = gnu99;
				GCC_NO_COMMON_BLOCKS = YES;
				GCC_WARN_64_TO_32_BIT_CONVERSION = YES;
				GCC_WARN_ABOUT_RETURN_TYPE = YES_ERROR;
				GCC_WARN_UNDECLARED_SELECTOR = YES;
				GCC_WARN_UNINITIALIZED_AUTOS = YES_AGGRESSIVE;
				GCC_WARN_UNUSED_FUNCTION = YES;
				GCC_WARN_UNUSED_VARIABLE = YES;
				IPHONEOS_DEPLOYMENT_TARGET = 8.3;
				MTL_ENABLE_DEBUG_INFO = NO;
				SDKROOT = iphoneos;
				VALIDATE_PRODUCT = YES;
			};
			name = Release;
		};
		6B33F0371B17FB7B002DF2E2 /* Debug */ = {
			isa = XCBuildConfiguration;
			buildSettings = {
				ASSETCATALOG_COMPILER_APPICON_NAME = AppIcon;
				INFOPLIST_FILE = Tumblr/Info.plist;
				LD_RUNPATH_SEARCH_PATHS = "$(inherited) @executable_path/Frameworks";
				PRODUCT_NAME = "$(TARGET_NAME)";
			};
			name = Debug;
		};
		6B33F0381B17FB7B002DF2E2 /* Release */ = {
			isa = XCBuildConfiguration;
			buildSettings = {
				ASSETCATALOG_COMPILER_APPICON_NAME = AppIcon;
				INFOPLIST_FILE = Tumblr/Info.plist;
				LD_RUNPATH_SEARCH_PATHS = "$(inherited) @executable_path/Frameworks";
				PRODUCT_NAME = "$(TARGET_NAME)";
			};
			name = Release;
		};
		6B33F03A1B17FB7B002DF2E2 /* Debug */ = {
			isa = XCBuildConfiguration;
			buildSettings = {
				BUNDLE_LOADER = "$(TEST_HOST)";
				FRAMEWORK_SEARCH_PATHS = (
					"$(SDKROOT)/Developer/Library/Frameworks",
					"$(inherited)",
				);
				GCC_PREPROCESSOR_DEFINITIONS = (
					"DEBUG=1",
					"$(inherited)",
				);
				INFOPLIST_FILE = TumblrTests/Info.plist;
				LD_RUNPATH_SEARCH_PATHS = "$(inherited) @executable_path/Frameworks @loader_path/Frameworks";
				PRODUCT_NAME = "$(TARGET_NAME)";
				TEST_HOST = "$(BUILT_PRODUCTS_DIR)/Tumblr.app/Tumblr";
			};
			name = Debug;
		};
		6B33F03B1B17FB7B002DF2E2 /* Release */ = {
			isa = XCBuildConfiguration;
			buildSettings = {
				BUNDLE_LOADER = "$(TEST_HOST)";
				FRAMEWORK_SEARCH_PATHS = (
					"$(SDKROOT)/Developer/Library/Frameworks",
					"$(inherited)",
				);
				INFOPLIST_FILE = TumblrTests/Info.plist;
				LD_RUNPATH_SEARCH_PATHS = "$(inherited) @executable_path/Frameworks @loader_path/Frameworks";
				PRODUCT_NAME = "$(TARGET_NAME)";
				TEST_HOST = "$(BUILT_PRODUCTS_DIR)/Tumblr.app/Tumblr";
			};
			name = Release;
		};
/* End XCBuildConfiguration section */

/* Begin XCConfigurationList section */
		6B33F0121B17FB7B002DF2E2 /* Build configuration list for PBXProject "Tumblr" */ = {
			isa = XCConfigurationList;
			buildConfigurations = (
				6B33F0341B17FB7B002DF2E2 /* Debug */,
				6B33F0351B17FB7B002DF2E2 /* Release */,
			);
			defaultConfigurationIsVisible = 0;
			defaultConfigurationName = Release;
		};
		6B33F0361B17FB7B002DF2E2 /* Build configuration list for PBXNativeTarget "Tumblr" */ = {
			isa = XCConfigurationList;
			buildConfigurations = (
				6B33F0371B17FB7B002DF2E2 /* Debug */,
				6B33F0381B17FB7B002DF2E2 /* Release */,
			);
			defaultConfigurationIsVisible = 0;
			defaultConfigurationName = Release;
		};
		6B33F0391B17FB7B002DF2E2 /* Build configuration list for PBXNativeTarget "TumblrTests" */ = {
			isa = XCConfigurationList;
			buildConfigurations = (
				6B33F03A1B17FB7B002DF2E2 /* Debug */,
				6B33F03B1B17FB7B002DF2E2 /* Release */,
			);
			defaultConfigurationIsVisible = 0;
			defaultConfigurationName = Release;
		};
/* End XCConfigurationList section */
	};
	rootObject = 6B33F00F1B17FB7B002DF2E2 /* Project object */;
}
